// !$*UTF8*$!
{
	archiveVersion = 1;
	classes = {
	};
	objectVersion = 46;
	objects = {

/* Begin PBXBuildFile section */
		B46F3A521B7AFA3300EB7B00 /* main.mm in Sources */ = {isa = PBXBuildFile; fileRef = B46F3A511B7AFA3300EB7B00 /* main.mm */; };
		B46F3A5A1B7AFB2200EB7B00 /* People.cpp in Sources */ = {isa = PBXBuildFile; fileRef = B46F3A581B7AFB2200EB7B00 /* People.cpp */; };

/* Begin PBXCopyFilesBuildPhase section */
		B46F3A4C1B7AFA3300EB7B00 /* CopyFiles */ = {
			isa = PBXCopyFilesBuildPhase;
			buildActionMask = 2147483647;
			dstPath = /usr/share/man/man1/;
			dstSubfolderSpec = 0;
			files = (
			);
			runOnlyForDeploymentPostprocessing = 1;
		};
/* End PBXCopyFilesBuildPhase section */

/* Begin PBXFileReference section */
		B46F3A4E1B7AFA3300EB7B00 /* 过河问题 */ = {isa = PBXFileReference; explicitFileType = "compiled.mach-o.executable"; includeInIndex = 0; path = "过河问题"; sourceTree = BUILT_PRODUCTS_DIR; };
		B46F3A511B7AFA3300EB7B00 /* main.mm */ = {isa = PBXFileReference; lastKnownFileType = sourcecode.cpp.objcpp; path = main.mm; sourceTree = "<group>"; };
		B46F3A581B7AFB2200EB7B00 /* People.cpp */ = {isa = PBXFileReference; fileEncoding = 4; lastKnownFileType = sourcecode.cpp.cpp; path = People.cpp; sourceTree = "<group>"; };
		B46F3A591B7AFB2200EB7B00 /* People.h */ = {isa = PBXFileReference; fileEncoding = 4; lastKnownFileType = sourcecode.c.h; path = People.h; sourceTree = "<group>"; };
/* End PBXFileReference section */

/* Begin PBXFrameworksBuildPhase section */
		B46F3A4B1B7AFA3300EB7B00 /* Frameworks */ = {
			isa = PBXFrameworksBuildPhase;
			buildActionMask = 2147483647;
			files = (
			);
			runOnlyForDeploymentPostprocessing = 0;
		};
/* End PBXFrameworksBuildPhase section */

/* Begin PBXGroup section */
		B46F3A451B7AFA3300EB7B00 = {
			isa = PBXGroup;
			children = (
				B46F3A501B7AFA3300EB7B00 /* 过河问题 */,
				B46F3A4F1B7AFA3300EB7B00 /* Products */,
			);
			sourceTree = "<group>";
		};
		B46F3A4F1B7AFA3300EB7B00 /* Products */ = {
			isa = PBXGroup;
			children = (
				B46F3A4E1B7AFA3300EB7B00 /* 过河问题 */,
			);
			name = Products;
			sourceTree = "<group>";
		};
		B46F3A501B7AFA3300EB7B00 /* 过河问题 */ = {
			isa = PBXGroup;
			children = (
				B46F3A511B7AFA3300EB7B00 /* main.mm */,
				B46F3A581B7AFB2200EB7B00 /* People.cpp */,
				B46F3A591B7AFB2200EB7B00 /* People.h */,
			);
			path = "过河问题";
			sourceTree = "<group>";
		};
/* End PBXGroup section */

/* Begin PBXNativeTarget section */
		B46F3A4D1B7AFA3300EB7B00 /* 过河问题 */ = {
			isa = PBXNativeTarget;
			buildConfigurationList = B46F3A551B7AFA3300EB7B00 /* Build configuration list for PBXNativeTarget "过河问题" */;
			buildPhases = (
				B46F3A4A1B7AFA3300EB7B00 /* Sources */,
				B46F3A4B1B7AFA3300EB7B00 /* Frameworks */,
				B46F3A4C1B7AFA3300EB7B00 /* CopyFiles */,
			);
			buildRules = (
			);
			dependencies = (
			);
			name = "过河问题";
			productName = "过河问题";
			productReference = B46F3A4E1B7AFA3300EB7B00 /* 过河问题 */;
			productType = "com.apple.product-type.tool";
		};
/* End PBXNativeTarget section */

/* Begin PBXProject section */
		B46F3A461B7AFA3300EB7B00 /* Project object */ = {
			isa = PBXProject;
			attributes = {
				LastUpgradeCheck = 0640;
				ORGANIZATIONNAME = "夕阳栗子";
				TargetAttributes = {
					B46F3A4D1B7AFA3300EB7B00 = {
						CreatedOnToolsVersion = 6.4;
					};
				};
			};
			buildConfigurationList = B46F3A491B7AFA3300EB7B00 /* Build configuration list for PBXProject "过河问题" */;
			compatibilityVersion = "Xcode 3.2";
			developmentRegion = English;
			hasScannedForEncodings = 0;
			knownRegions = (
				en,
			);
			mainGroup = B46F3A451B7AFA3300EB7B00;
			productRefGroup = B46F3A4F1B7AFA3300EB7B00 /* Products */;
			projectDirPath = "";
			projectRoot = "";
			targets = (
				B46F3A4D1B7AFA3300EB7B00 /* 过河问题 */,
			);
		};
/* End PBXProject section */

/* Begin PBXSourcesBuildPhase section */
		B46F3A4A1B7AFA3300EB7B00 /* Sources */ = {
			isa = PBXSourcesBuildPhase;
			buildActionMask = 2147483647;
			files = (
				B46F3A5A1B7AFB2200EB7B00 /* People.cpp in Sources */,
				B46F3A521B7AFA3300EB7B00 /* main.mm in Sources */,
			);
			runOnlyForDeploymentPostprocessing = 0;
		};
/* End PBXSourcesBuildPhase section */

/* Begin XCBuildConfiguration section */
		B46F3A531B7AFA3300EB7B00 /* Debug */ = {
			isa = XCBuildConfiguration;
			buildSettings = {
				ALWAYS_SEARCH_USER_PATHS = NO;
				CLANG_CXX_LANGUAGE_STANDARD = "gnu++0x";
				CLANG_CXX_LIBRARY = "libc++";
				CLANG_ENABLE_MODULES = YES;
				CLANG_ENABLE_OBJC_ARC = YES;
				CLANG_WARN_BOOL_CONVERSION = YES;
				CLANG_WARN_CONSTANT_CONVERSION = YES;
				CLANG_WARN_DIRECT_OBJC_ISA_USAGE = YES_ERROR;
				CLANG_WARN_EMPTY_BODY = YES;
				CLANG_WARN_ENUM_CONVERSION = YES;
				CLANG_WARN_INT_CONVERSION = YES;
				CLANG_WARN_OBJC_ROOT_CLASS = YES_ERROR;
				CLANG_WARN_UNREACHABLE_CODE = YES;
				CLANG_WARN__DUPLICATE_METHOD_MATCH = YES;
				COPY_PHASE_STRIP = NO;
				DEBUG_INFORMATION_FORMAT = dwarf;
				ENABLE_STRICT_OBJC_MSGSEND = YES;
				GCC_C_LANGUAGE_STANDARD = gnu99;
				GCC_DYNAMIC_NO_PIC = NO;
				GCC_NO_COMMON_BLOCKS = YES;
				GCC_OPTIMIZATION_LEVEL = 0;
				GCC_PREPROCESSOR_DEFINITIONS = (
					"DEBUG=1",
					"$(inherited)",
				);
				GCC_SYMBOLS_PRIVATE_EXTERN = NO;
				GCC_WARN_64_TO_32_BIT_CONVERSION = YES;
				GCC_WARN_ABOUT_RETURN_TYPE = YES_ERROR;
				GCC_WARN_UNDECLARED_SELECTOR = YES;
				GCC_WARN_UNINITIALIZED_AUTOS = YES_AGGRESSIVE;
				GCC_WARN_UNUSED_FUNCTION = YES;
				GCC_WARN_UNUSED_VARIABLE = YES;
				MACOSX_DEPLOYMENT_TARGET = 10.10;
				MTL_ENABLE_DEBUG_INFO = YES;
				ONLY_ACTIVE_ARCH = YES;
				SDKROOT = macosx;
			};
			name = Debug;
		};
		B46F3A541B7AFA3300EB7B00 /* Release */ = {
			isa = XCBuildConfiguration;
			buildSettings = {
				ALWAYS_SEARCH_USER_PATHS = NO;
				CLANG_CXX_LANGUAGE_STANDARD = "gnu++0x";
				CLANG_CXX_LIBRARY = "libc++";
				CLANG_ENABLE_MODULES = YES;
				CLANG_ENABLE_OBJC_ARC = YES;
				CLANG_WARN_BOOL_CONVERSION = YES;
				CLANG_WARN_CONSTANT_CONVERSION = YES;
				CLANG_WARN_DIRECT_OBJC_ISA_USAGE = YES_ERROR;
				CLANG_WARN_EMPTY_BODY = YES;
				CLANG_WARN_ENUM_CONVERSION = YES;
				CLANG_WARN_INT_CONVERSION = YES;
				CLANG_WARN_OBJC_ROOT_CLASS = YES_ERROR;
				CLANG_WARN_UNREACHABLE_CODE = YES;
				CLANG_WARN__DUPLICATE_METHOD_MATCH = YES;
				COPY_PHASE_STRIP = NO;
				DEBUG_INFORMATION_FORMAT = "dwarf-with-dsym";
				ENABLE_NS_ASSERTIONS = NO;
				ENABLE_STRICT_OBJC_MSGSEND = YES;
				GCC_C_LANGUAGE_STANDARD = gnu99;
				GCC_NO_COMMON_BLOCKS = YES;
				GCC_WARN_64_TO_32_BIT_CONVERSION = YES;
				GCC_WARN_ABOUT_RETURN_TYPE = YES_ERROR;
				GCC_WARN_UNDECLARED_SELECTOR = YES;
				GCC_WARN_UNINITIALIZED_AUTOS = YES_AGGRESSIVE;
				GCC_WARN_UNUSED_FUNCTION = YES;
				GCC_WARN_UNUSED_VARIABLE = YES;
				MACOSX_DEPLOYMENT_TARGET = 10.10;
				MTL_ENABLE_DEBUG_INFO = NO;
				SDKROOT = macosx;
			};
			name = Release;
		};
		B46F3A561B7AFA3300EB7B00 /* Debug */ = {
			isa = XCBuildConfiguration;
			buildSettings = {
				PRODUCT_NAME = "$(TARGET_NAME)";
			};
			name = Debug;
		};
		B46F3A571B7AFA3300EB7B00 /* Release */ = {
			isa = XCBuildConfiguration;
			buildSettings = {
				PRODUCT_NAME = "$(TARGET_NAME)";
			};
			name = Release;
		};
/* End XCBuildConfiguration section */

/* Begin XCConfigurationList section */
		B46F3A491B7AFA3300EB7B00 /* Build configuration list for PBXProject "过河问题" */ = {
			isa = XCConfigurationList;
			buildConfigurations = (
				B46F3A531B7AFA3300EB7B00 /* Debug */,
				B46F3A541B7AFA3300EB7B00 /* Release */,
			);
			defaultConfigurationIsVisible = 0;
			defaultConfigurationName = Release;
		};
		B46F3A551B7AFA3300EB7B00 /* Build configuration list for PBXNativeTarget "过河问题" */ = {
			isa = XCConfigurationList;
			buildConfigurations = (
				B46F3A561B7AFA3300EB7B00 /* Debug */,
				B46F3A571B7AFA3300EB7B00 /* Release */,
			);
			defaultConfigurationIsVisible = 0;
		};
/* End XCConfigurationList section */
	};
	rootObject = B46F3A461B7AFA3300EB7B00 /* Project object */;
}
